
Microsoft Visual Studio Solution File, Format Version 12.00
# Visual Studio 15
VisualStudioVersion = 15.0.28010.2016
MinimumVisualStudioVersion = 10.0.40219.1
Project("{FAE04EC0-301F-11D3-BF4B-00C04F79EFBC}") = "WebApplication8", "WebApplication8\WebApplication8.csproj", "{4A91AB33-F711-468E-AC1A-35C172901307}"
EndProject
Global
	GlobalSection(SolutionConfigurationPlatforms) = preSolution
		Debug|Any CPU = Debug|Any CPU
		Release|Any CPU = Release|Any CPU
	EndGlobalSection
	GlobalSection(ProjectConfigurationPlatforms) = postSolution
		{4A91AB33-F711-468E-AC1A-35C172901307}.Debug|Any CPU.ActiveCfg = Debug|Any CPU
		{4A91AB33-F711-468E-AC1A-35C172901307}.Debug|Any CPU.Build.0 = Debug|Any CPU
		{4A91AB33-F711-468E-AC1A-35C172901307}.Release|Any CPU.ActiveCfg = Release|Any CPU
		{4A91AB33-F711-468E-AC1A-35C172901307}.Release|Any CPU.Build.0 = Release|Any CPU
	EndGlobalSection
	GlobalSection(SolutionProperties) = preSolution
		HideSolutionNode = FALSE
	EndGlobalSection
	GlobalSection(ExtensibilityGlobals) = postSolution
		SolutionGuid = {140CC8DD-584F-4B44-A630-F3E4858021AE}
	EndGlobalSection
EndGlobal
